
Microsoft Visual Studio Solution File, Format Version 12.00
# Visual Studio Version 16
VisualStudioVersion = 16.0.30611.23
MinimumVisualStudioVersion = 10.0.40219.1
Project("{FAE04EC0-301F-11D3-BF4B-00C04F79EFBC}") = "ElevatorExamProject", "ElevatorExamProject.csproj", "{D67EFF37-A863-4473-8FCB-4E505C909604}"
EndProject
Global
	GlobalSection(SolutionConfigurationPlatforms) = preSolution
		Debug|Any CPU = Debug|Any CPU
		Release|Any CPU = Release|Any CPU
	EndGlobalSection
	GlobalSection(ProjectConfigurationPlatforms) = postSolution
		{D67EFF37-A863-4473-8FCB-4E505C909604}.Debug|Any CPU.ActiveCfg = Debug|Any CPU
		{D67EFF37-A863-4473-8FCB-4E505C909604}.Debug|Any CPU.Build.0 = Debug|Any CPU
		{D67EFF37-A863-4473-8FCB-4E505C909604}.Release|Any CPU.ActiveCfg = Release|Any CPU
		{D67EFF37-A863-4473-8FCB-4E505C909604}.Release|Any CPU.Build.0 = Release|Any CPU
	EndGlobalSection
	GlobalSection(SolutionProperties) = preSolution
		HideSolutionNode = FALSE
	EndGlobalSection
	GlobalSection(ExtensibilityGlobals) = postSolution
		SolutionGuid = {B539504B-9F36-42BA-B9DD-19A98FDD4B8F}
	EndGlobalSection
EndGlobal
